
Microsoft Visual Studio Solution File, Format Version 12.00
# Visual Studio Version 17
VisualStudioVersion = 17.0.32112.339
MinimumVisualStudioVersion = 10.0.40219.1
Project("{9A19103F-16F7-4668-BE54-9A1E7A4F7556}") = "UI", "ArchitectureAndSoftwareDesign_Lab_4-5\UI.csproj", "{87D8CCCF-D0C7-42C5-BF94-4AB1DFBA5CBD}"
EndProject
Project("{2150E333-8FDC-42A3-9474-1A3956D46DE8}") = "PL", "PL", "{69B7B656-6A36-41B7-91CC-D821C85D6A52}"
EndProject
Project("{2150E333-8FDC-42A3-9474-1A3956D46DE8}") = "DAL", "DAL", "{2A09FF24-B804-4F52-9B8A-CE26F35048B7}"
EndProject
Project("{2150E333-8FDC-42A3-9474-1A3956D46DE8}") = "BLL", "BLL", "{E16B7860-FB10-415A-9724-90817E246481}"
EndProject
Project("{9A19103F-16F7-4668-BE54-9A1E7A4F7556}") = "Entities", "Entities\Entities.csproj", "{A4D7CE03-0C22-4670-9C1E-2D3336AAED2E}"
EndProject
Project("{9A19103F-16F7-4668-BE54-9A1E7A4F7556}") = "Repositories", "Repositories\Repositories.csproj", "{DB3E5FC3-DDF9-4370-9F0B-0B1FFD6B133F}"
EndProject
Project("{9A19103F-16F7-4668-BE54-9A1E7A4F7556}") = "Database", "Database\Database.csproj", "{289FDD9E-9E3D-4191-B5EF-6A481B078A1B}"
EndProject
Project("{9A19103F-16F7-4668-BE54-9A1E7A4F7556}") = "UoW", "UoW\UoW.csproj", "{AF4AE24F-3E58-4CF2-B941-6D48E39F54D2}"
EndProject
Project("{9A19103F-16F7-4668-BE54-9A1E7A4F7556}") = "Domains", "Domains\Domains.csproj", "{BB8E9BF5-B98B-4309-B305-83CDDC09858A}"
EndProject
Project("{9A19103F-16F7-4668-BE54-9A1E7A4F7556}") = "Services", "Services\Services.csproj", "{EBDB4162-70B5-48DA-A45C-F016AA4F4914}"
EndProject
Project("{9A19103F-16F7-4668-BE54-9A1E7A4F7556}") = "Mappers", "Mappers\Mappers.csproj", "{D212DDF9-9959-4253-ABF6-9078A4B8F89C}"
EndProject
Project("{9A19103F-16F7-4668-BE54-9A1E7A4F7556}") = "Models", "Models\Models.csproj", "{1E3F480E-F99C-462B-B1E9-93DEB97E39ED}"
EndProject
Project("{9A19103F-16F7-4668-BE54-9A1E7A4F7556}") = "Controllers", "Controllers\Controllers.csproj", "{B429A5DB-FB4C-487E-846B-4023906BD7F4}"
EndProject
Project("{2150E333-8FDC-42A3-9474-1A3956D46DE8}") = "API", "API", "{E7950C75-BAEB-44DE-808A-D5F97D73769D}"
EndProject
Global
	GlobalSection(SolutionConfigurationPlatforms) = preSolution
		Debug|Any CPU = Debug|Any CPU
		Release|Any CPU = Release|Any CPU
	EndGlobalSection
	GlobalSection(ProjectConfigurationPlatforms) = postSolution
		{87D8CCCF-D0C7-42C5-BF94-4AB1DFBA5CBD}.Debug|Any CPU.ActiveCfg = Debug|Any CPU
		{87D8CCCF-D0C7-42C5-BF94-4AB1DFBA5CBD}.Debug|Any CPU.Build.0 = Debug|Any CPU
		{87D8CCCF-D0C7-42C5-BF94-4AB1DFBA5CBD}.Release|Any CPU.ActiveCfg = Release|Any CPU
		{87D8CCCF-D0C7-42C5-BF94-4AB1DFBA5CBD}.Release|Any CPU.Build.0 = Release|Any CPU
		{A4D7CE03-0C22-4670-9C1E-2D3336AAED2E}.Debug|Any CPU.ActiveCfg = Debug|Any CPU
		{A4D7CE03-0C22-4670-9C1E-2D3336AAED2E}.Debug|Any CPU.Build.0 = Debug|Any CPU
		{A4D7CE03-0C22-4670-9C1E-2D3336AAED2E}.Release|Any CPU.ActiveCfg = Release|Any CPU
		{A4D7CE03-0C22-4670-9C1E-2D3336AAED2E}.Release|Any CPU.Build.0 = Release|Any CPU
		{DB3E5FC3-DDF9-4370-9F0B-0B1FFD6B133F}.Debug|Any CPU.ActiveCfg = Debug|Any CPU
		{DB3E5FC3-DDF9-4370-9F0B-0B1FFD6B133F}.Debug|Any CPU.Build.0 = Debug|Any CPU
		{DB3E5FC3-DDF9-4370-9F0B-0B1FFD6B133F}.Release|Any CPU.ActiveCfg = Release|Any CPU
		{DB3E5FC3-DDF9-4370-9F0B-0B1FFD6B133F}.Release|Any CPU.Build.0 = Release|Any CPU
		{289FDD9E-9E3D-4191-B5EF-6A481B078A1B}.Debug|Any CPU.ActiveCfg = Debug|Any CPU
		{289FDD9E-9E3D-4191-B5EF-6A481B078A1B}.Debug|Any CPU.Build.0 = Debug|Any CPU
		{289FDD9E-9E3D-4191-B5EF-6A481B078A1B}.Release|Any CPU.ActiveCfg = Release|Any CPU
		{289FDD9E-9E3D-4191-B5EF-6A481B078A1B}.Release|Any CPU.Build.0 = Release|Any CPU
		{AF4AE24F-3E58-4CF2-B941-6D48E39F54D2}.Debug|Any CPU.ActiveCfg = Debug|Any CPU
		{AF4AE24F-3E58-4CF2-B941-6D48E39F54D2}.Debug|Any CPU.Build.0 = Debug|Any CPU
		{AF4AE24F-3E58-4CF2-B941-6D48E39F54D2}.Release|Any CPU.ActiveCfg = Release|Any CPU
		{AF4AE24F-3E58-4CF2-B941-6D48E39F54D2}.Release|Any CPU.Build.0 = Release|Any CPU
		{BB8E9BF5-B98B-4309-B305-83CDDC09858A}.Debug|Any CPU.ActiveCfg = Debug|Any CPU
		{BB8E9BF5-B98B-4309-B305-83CDDC09858A}.Debug|Any CPU.Build.0 = Debug|Any CPU
		{BB8E9BF5-B98B-4309-B305-83CDDC09858A}.Release|Any CPU.ActiveCfg = Release|Any CPU
		{BB8E9BF5-B98B-4309-B305-83CDDC09858A}.Release|Any CPU.Build.0 = Release|Any CPU
		{EBDB4162-70B5-48DA-A45C-F016AA4F4914}.Debug|Any CPU.ActiveCfg = Debug|Any CPU
		{EBDB4162-70B5-48DA-A45C-F016AA4F4914}.Debug|Any CPU.Build.0 = Debug|Any CPU
		{EBDB4162-70B5-48DA-A45C-F016AA4F4914}.Release|Any CPU.ActiveCfg = Release|Any CPU
		{EBDB4162-70B5-48DA-A45C-F016AA4F4914}.Release|Any CPU.Build.0 = Release|Any CPU
		{D212DDF9-9959-4253-ABF6-9078A4B8F89C}.Debug|Any CPU.ActiveCfg = Debug|Any CPU
		{D212DDF9-9959-4253-ABF6-9078A4B8F89C}.Debug|Any CPU.Build.0 = Debug|Any CPU
		{D212DDF9-9959-4253-ABF6-9078A4B8F89C}.Release|Any CPU.ActiveCfg = Release|Any CPU
		{D212DDF9-9959-4253-ABF6-9078A4B8F89C}.Release|Any CPU.Build.0 = Release|Any CPU
		{1E3F480E-F99C-462B-B1E9-93DEB97E39ED}.Debug|Any CPU.ActiveCfg = Debug|Any CPU
		{1E3F480E-F99C-462B-B1E9-93DEB97E39ED}.Debug|Any CPU.Build.0 = Debug|Any CPU
		{1E3F480E-F99C-462B-B1E9-93DEB97E39ED}.Release|Any CPU.ActiveCfg = Release|Any CPU
		{1E3F480E-F99C-462B-B1E9-93DEB97E39ED}.Release|Any CPU.Build.0 = Release|Any CPU
		{B429A5DB-FB4C-487E-846B-4023906BD7F4}.Debug|Any CPU.ActiveCfg = Debug|Any CPU
		{B429A5DB-FB4C-487E-846B-4023906BD7F4}.Debug|Any CPU.Build.0 = Debug|Any CPU
		{B429A5DB-FB4C-487E-846B-4023906BD7F4}.Release|Any CPU.ActiveCfg = Release|Any CPU
		{B429A5DB-FB4C-487E-846B-4023906BD7F4}.Release|Any CPU.Build.0 = Release|Any CPU
	EndGlobalSection
	GlobalSection(SolutionProperties) = preSolution
		HideSolutionNode = FALSE
	EndGlobalSection
	GlobalSection(NestedProjects) = preSolution
		{87D8CCCF-D0C7-42C5-BF94-4AB1DFBA5CBD} = {69B7B656-6A36-41B7-91CC-D821C85D6A52}
		{A4D7CE03-0C22-4670-9C1E-2D3336AAED2E} = {2A09FF24-B804-4F52-9B8A-CE26F35048B7}
		{DB3E5FC3-DDF9-4370-9F0B-0B1FFD6B133F} = {2A09FF24-B804-4F52-9B8A-CE26F35048B7}
		{289FDD9E-9E3D-4191-B5EF-6A481B078A1B} = {2A09FF24-B804-4F52-9B8A-CE26F35048B7}
		{AF4AE24F-3E58-4CF2-B941-6D48E39F54D2} = {2A09FF24-B804-4F52-9B8A-CE26F35048B7}
		{BB8E9BF5-B98B-4309-B305-83CDDC09858A} = {E16B7860-FB10-415A-9724-90817E246481}
		{EBDB4162-70B5-48DA-A45C-F016AA4F4914} = {E16B7860-FB10-415A-9724-90817E246481}
		{D212DDF9-9959-4253-ABF6-9078A4B8F89C} = {E16B7860-FB10-415A-9724-90817E246481}
		{1E3F480E-F99C-462B-B1E9-93DEB97E39ED} = {E7950C75-BAEB-44DE-808A-D5F97D73769D}
		{B429A5DB-FB4C-487E-846B-4023906BD7F4} = {E7950C75-BAEB-44DE-808A-D5F97D73769D}
	EndGlobalSection
	GlobalSection(ExtensibilityGlobals) = postSolution
		SolutionGuid = {99922A34-B1CD-4572-8E96-885C22BA5EF7}
	EndGlobalSection
EndGlobal
